
Microsoft Visual Studio Solution File, Format Version 12.00
# Visual Studio Version 17
VisualStudioVersion = 17.0.32002.185
MinimumVisualStudioVersion = 10.0.40219.1
Project("{FAE04EC0-301F-11D3-BF4B-00C04F79EFBC}") = "Entities", "Entities\Entities.csproj", "{925CD4DB-BA2F-4226-9509-464DB067EF77}"
EndProject
Project("{FAE04EC0-301F-11D3-BF4B-00C04F79EFBC}") = "DataAccess", "DataAccess\DataAccess.csproj", "{C3C3E5AA-9EAE-4F92-8644-7EE1C9B54001}"
EndProject
Project("{FAE04EC0-301F-11D3-BF4B-00C04F79EFBC}") = "Core", "Core\Core.csproj", "{1EA1FF12-B6A0-487B-A2F6-994AFAB501DA}"
EndProject
Project("{FAE04EC0-301F-11D3-BF4B-00C04F79EFBC}") = "Business", "Business\Business.csproj", "{B1C8A0A1-0BAC-4893-9557-8F6852C6869F}"
EndProject
Project("{FAE04EC0-301F-11D3-BF4B-00C04F79EFBC}") = "UI", "UI\UI.csproj", "{8260FFE2-08BD-4BB2-8087-C22D8300381F}"
EndProject
Global
	GlobalSection(SolutionConfigurationPlatforms) = preSolution
		Debug|Any CPU = Debug|Any CPU
		Release|Any CPU = Release|Any CPU
	EndGlobalSection
	GlobalSection(ProjectConfigurationPlatforms) = postSolution
		{925CD4DB-BA2F-4226-9509-464DB067EF77}.Debug|Any CPU.ActiveCfg = Debug|Any CPU
		{925CD4DB-BA2F-4226-9509-464DB067EF77}.Debug|Any CPU.Build.0 = Debug|Any CPU
		{925CD4DB-BA2F-4226-9509-464DB067EF77}.Release|Any CPU.ActiveCfg = Release|Any CPU
		{925CD4DB-BA2F-4226-9509-464DB067EF77}.Release|Any CPU.Build.0 = Release|Any CPU
		{C3C3E5AA-9EAE-4F92-8644-7EE1C9B54001}.Debug|Any CPU.ActiveCfg = Debug|Any CPU
		{C3C3E5AA-9EAE-4F92-8644-7EE1C9B54001}.Debug|Any CPU.Build.0 = Debug|Any CPU
		{C3C3E5AA-9EAE-4F92-8644-7EE1C9B54001}.Release|Any CPU.ActiveCfg = Release|Any CPU
		{C3C3E5AA-9EAE-4F92-8644-7EE1C9B54001}.Release|Any CPU.Build.0 = Release|Any CPU
		{1EA1FF12-B6A0-487B-A2F6-994AFAB501DA}.Debug|Any CPU.ActiveCfg = Debug|Any CPU
		{1EA1FF12-B6A0-487B-A2F6-994AFAB501DA}.Debug|Any CPU.Build.0 = Debug|Any CPU
		{1EA1FF12-B6A0-487B-A2F6-994AFAB501DA}.Release|Any CPU.ActiveCfg = Release|Any CPU
		{1EA1FF12-B6A0-487B-A2F6-994AFAB501DA}.Release|Any CPU.Build.0 = Release|Any CPU
		{B1C8A0A1-0BAC-4893-9557-8F6852C6869F}.Debug|Any CPU.ActiveCfg = Debug|Any CPU
		{B1C8A0A1-0BAC-4893-9557-8F6852C6869F}.Debug|Any CPU.Build.0 = Debug|Any CPU
		{B1C8A0A1-0BAC-4893-9557-8F6852C6869F}.Release|Any CPU.ActiveCfg = Release|Any CPU
		{B1C8A0A1-0BAC-4893-9557-8F6852C6869F}.Release|Any CPU.Build.0 = Release|Any CPU
		{8260FFE2-08BD-4BB2-8087-C22D8300381F}.Debug|Any CPU.ActiveCfg = Debug|Any CPU
		{8260FFE2-08BD-4BB2-8087-C22D8300381F}.Debug|Any CPU.Build.0 = Debug|Any CPU
		{8260FFE2-08BD-4BB2-8087-C22D8300381F}.Release|Any CPU.ActiveCfg = Release|Any CPU
		{8260FFE2-08BD-4BB2-8087-C22D8300381F}.Release|Any CPU.Build.0 = Release|Any CPU
	EndGlobalSection
	GlobalSection(SolutionProperties) = preSolution
		HideSolutionNode = FALSE
	EndGlobalSection
	GlobalSection(ExtensibilityGlobals) = postSolution
		SolutionGuid = {EC22C2A3-57BD-4DD5-A2E3-5016A219904D}
	EndGlobalSection
EndGlobal
